// !$*UTF8*$!
{
	archiveVersion = 1;
	classes = {
	};
	objectVersion = 50;
	objects = {

/* Begin PBXBuildFile section */
		94040DE62584C2B700833182 /* VideosJson.swift in Sources */ = {isa = PBXBuildFile; fileRef = 94040DE52584C2B700833182 /* VideosJson.swift */; };
		94040DEA25852EE000833182 /* CategoriesVideoCell.swift in Sources */ = {isa = PBXBuildFile; fileRef = 94040DE925852EE000833182 /* CategoriesVideoCell.swift */; };
		94040DEC2585334000833182 /* VideoCVCell.swift in Sources */ = {isa = PBXBuildFile; fileRef = 94040DEB2585334000833182 /* VideoCVCell.swift */; };
		94040DF025853DEA00833182 /* VideosDataAccessModel.swift in Sources */ = {isa = PBXBuildFile; fileRef = 94040DEF25853DEA00833182 /* VideosDataAccessModel.swift */; };
		94352B8D2586CDC4007E2626 /* Extensions.swift in Sources */ = {isa = PBXBuildFile; fileRef = 94352B8C2586CDC4007E2626 /* Extensions.swift */; };
		948B5E762584B103009B6F32 /* AppDelegate.swift in Sources */ = {isa = PBXBuildFile; fileRef = 948B5E752584B103009B6F32 /* AppDelegate.swift */; };
		948B5E782584B103009B6F32 /* SceneDelegate.swift in Sources */ = {isa = PBXBuildFile; fileRef = 948B5E772584B103009B6F32 /* SceneDelegate.swift */; };
		948B5E7A2584B103009B6F32 /* ViewController.swift in Sources */ = {isa = PBXBuildFile; fileRef = 948B5E792584B103009B6F32 /* ViewController.swift */; };
		948B5E802584B103009B6F32 /* VideoApp.xcdatamodeld in Sources */ = {isa = PBXBuildFile; fileRef = 948B5E7E2584B103009B6F32 /* VideoApp.xcdatamodeld */; };
		948B5E822584B106009B6F32 /* Assets.xcassets in Resources */ = {isa = PBXBuildFile; fileRef = 948B5E812584B106009B6F32 /* Assets.xcassets */; };
		948B5E852584B106009B6F32 /* LaunchScreen.storyboard in Resources */ = {isa = PBXBuildFile; fileRef = 948B5E832584B106009B6F32 /* LaunchScreen.storyboard */; };
		94C171B225889B5C008E74F9 /* assignment.json in Resources */ = {isa = PBXBuildFile; fileRef = 94C171B125889B5C008E74F9 /* assignment.json */; };
		94E4A59D25866D5500770956 /* PlayerScreenVC.swift in Sources */ = {isa = PBXBuildFile; fileRef = 94E4A59C25866D5500770956 /* PlayerScreenVC.swift */; };
		94E4A5A0258685B300770956 /* Main.storyboard in Resources */ = {isa = PBXBuildFile; fileRef = 94E4A59E258685B300770956 /* Main.storyboard */; };
		94E4A5A225868E2200770956 /* VideoView.swift in Sources */ = {isa = PBXBuildFile; fileRef = 94E4A5A125868E2200770956 /* VideoView.swift */; };
		94E4A5A72586B3DD00770956 /* CardView.swift in Sources */ = {isa = PBXBuildFile; fileRef = 94E4A5A62586B3DD00770956 /* CardView.swift */; };
/* End PBXBuildFile section */

/* Begin PBXFileReference section */
		94040DE52584C2B700833182 /* VideosJson.swift */ = {isa = PBXFileReference; lastKnownFileType = sourcecode.swift; path = VideosJson.swift; sourceTree = "<group>"; };
		94040DE925852EE000833182 /* CategoriesVideoCell.swift */ = {isa = PBXFileReference; lastKnownFileType = sourcecode.swift; path = CategoriesVideoCell.swift; sourceTree = "<group>"; };
		94040DEB2585334000833182 /* VideoCVCell.swift */ = {isa = PBXFileReference; lastKnownFileType = sourcecode.swift; path = VideoCVCell.swift; sourceTree = "<group>"; };
		94040DEF25853DEA00833182 /* VideosDataAccessModel.swift */ = {isa = PBXFileReference; lastKnownFileType = sourcecode.swift; path = VideosDataAccessModel.swift; sourceTree = "<group>"; };
		94352B8C2586CDC4007E2626 /* Extensions.swift */ = {isa = PBXFileReference; lastKnownFileType = sourcecode.swift; path = Extensions.swift; sourceTree = "<group>"; };
		948B5E722584B103009B6F32 /* VideoApp.app */ = {isa = PBXFileReference; explicitFileType = wrapper.application; includeInIndex = 0; path = VideoApp.app; sourceTree = BUILT_PRODUCTS_DIR; };
		948B5E752584B103009B6F32 /* AppDelegate.swift */ = {isa = PBXFileReference; lastKnownFileType = sourcecode.swift; path = AppDelegate.swift; sourceTree = "<group>"; };
		948B5E772584B103009B6F32 /* SceneDelegate.swift */ = {isa = PBXFileReference; lastKnownFileType = sourcecode.swift; path = SceneDelegate.swift; sourceTree = "<group>"; };
		948B5E792584B103009B6F32 /* ViewController.swift */ = {isa = PBXFileReference; lastKnownFileType = sourcecode.swift; path = ViewController.swift; sourceTree = "<group>"; };
		948B5E7F2584B103009B6F32 /* VideoApp.xcdatamodel */ = {isa = PBXFileReference; lastKnownFileType = wrapper.xcdatamodel; path = VideoApp.xcdatamodel; sourceTree = "<group>"; };
		948B5E812584B106009B6F32 /* Assets.xcassets */ = {isa = PBXFileReference; lastKnownFileType = folder.assetcatalog; path = Assets.xcassets; sourceTree = "<group>"; };
		948B5E842584B106009B6F32 /* Base */ = {isa = PBXFileReference; lastKnownFileType = file.storyboard; name = Base; path = Base.lproj/LaunchScreen.storyboard; sourceTree = "<group>"; };
		948B5E862584B106009B6F32 /* Info.plist */ = {isa = PBXFileReference; lastKnownFileType = text.plist.xml; path = Info.plist; sourceTree = "<group>"; };
		94C171B125889B5C008E74F9 /* assignment.json */ = {isa = PBXFileReference; fileEncoding = 4; lastKnownFileType = text.json; path = assignment.json; sourceTree = "<group>"; };
		94E4A59C25866D5500770956 /* PlayerScreenVC.swift */ = {isa = PBXFileReference; lastKnownFileType = sourcecode.swift; path = PlayerScreenVC.swift; sourceTree = "<group>"; };
		94E4A59F258685B300770956 /* Base */ = {isa = PBXFileReference; lastKnownFileType = file.storyboard; name = Base; path = Base.lproj/Main.storyboard; sourceTree = "<group>"; };
		94E4A5A125868E2200770956 /* VideoView.swift */ = {isa = PBXFileReference; lastKnownFileType = sourcecode.swift; path = VideoView.swift; sourceTree = "<group>"; };
		94E4A5A62586B3DD00770956 /* CardView.swift */ = {isa = PBXFileReference; lastKnownFileType = sourcecode.swift; path = CardView.swift; sourceTree = "<group>"; };
/* End PBXFileReference section */

/* Begin PBXFrameworksBuildPhase section */
		948B5E6F2584B103009B6F32 /* Frameworks */ = {
			isa = PBXFrameworksBuildPhase;
			buildActionMask = 2147483647;
			files = (
			);
			runOnlyForDeploymentPostprocessing = 0;
		};
/* End PBXFrameworksBuildPhase section */

/* Begin PBXGroup section */
		94040DED25853D7800833182 /* ExploreScreen */ = {
			isa = PBXGroup;
			children = (
				948B5E792584B103009B6F32 /* ViewController.swift */,
				94040DE925852EE000833182 /* CategoriesVideoCell.swift */,
				94040DEB2585334000833182 /* VideoCVCell.swift */,
			);
			path = ExploreScreen;
			sourceTree = "<group>";
		};
		94040DEE25853D9700833182 /* DataProviders */ = {
			isa = PBXGroup;
			children = (
				94040DE52584C2B700833182 /* VideosJson.swift */,
				94040DEF25853DEA00833182 /* VideosDataAccessModel.swift */,
			);
			path = DataProviders;
			sourceTree = "<group>";
		};
		948B5E692584B103009B6F32 = {
			isa = PBXGroup;
			children = (
				948B5E742584B103009B6F32 /* VideoApp */,
				948B5E732584B103009B6F32 /* Products */,
			);
			sourceTree = "<group>";
		};
		948B5E732584B103009B6F32 /* Products */ = {
			isa = PBXGroup;
			children = (
				948B5E722584B103009B6F32 /* VideoApp.app */,
			);
			name = Products;
			sourceTree = "<group>";
		};
		948B5E742584B103009B6F32 /* VideoApp */ = {
			isa = PBXGroup;
			children = (
				94C171B125889B5C008E74F9 /* assignment.json */,
				94E4A5A32586B19C00770956 /* Utils */,
				94E4A59E258685B300770956 /* Main.storyboard */,
				94E4A5992586223100770956 /* PlayerScreen */,
				94040DEE25853D9700833182 /* DataProviders */,
				94040DED25853D7800833182 /* ExploreScreen */,
				948B5E752584B103009B6F32 /* AppDelegate.swift */,
				948B5E772584B103009B6F32 /* SceneDelegate.swift */,
				948B5E812584B106009B6F32 /* Assets.xcassets */,
				948B5E832584B106009B6F32 /* LaunchScreen.storyboard */,
				948B5E862584B106009B6F32 /* Info.plist */,
				948B5E7E2584B103009B6F32 /* VideoApp.xcdatamodeld */,
			);
			path = VideoApp;
			sourceTree = "<group>";
		};
		94E4A5992586223100770956 /* PlayerScreen */ = {
			isa = PBXGroup;
			children = (
				94E4A59C25866D5500770956 /* PlayerScreenVC.swift */,
				94E4A5A125868E2200770956 /* VideoView.swift */,
			);
			path = PlayerScreen;
			sourceTree = "<group>";
		};
		94E4A5A32586B19C00770956 /* Utils */ = {
			isa = PBXGroup;
			children = (
				94E4A5A62586B3DD00770956 /* CardView.swift */,
				94352B8C2586CDC4007E2626 /* Extensions.swift */,
			);
			path = Utils;
			sourceTree = "<group>";
		};
/* End PBXGroup section */

/* Begin PBXNativeTarget section */
		948B5E712584B103009B6F32 /* VideoApp */ = {
			isa = PBXNativeTarget;
			buildConfigurationList = 948B5E892584B106009B6F32 /* Build configuration list for PBXNativeTarget "VideoApp" */;
			buildPhases = (
				948B5E6E2584B103009B6F32 /* Sources */,
				948B5E6F2584B103009B6F32 /* Frameworks */,
				948B5E702584B103009B6F32 /* Resources */,
			);
			buildRules = (
			);
			dependencies = (
			);
			name = VideoApp;
			productName = VideoApp;
			productReference = 948B5E722584B103009B6F32 /* VideoApp.app */;
			productType = "com.apple.product-type.application";
		};
/* End PBXNativeTarget section */

/* Begin PBXProject section */
		948B5E6A2584B103009B6F32 /* Project object */ = {
			isa = PBXProject;
			attributes = {
				LastSwiftUpdateCheck = 1200;
				LastUpgradeCheck = 1200;
				TargetAttributes = {
					948B5E712584B103009B6F32 = {
						CreatedOnToolsVersion = 12.0;
					};
				};
			};
			buildConfigurationList = 948B5E6D2584B103009B6F32 /* Build configuration list for PBXProject "VideoApp" */;
			compatibilityVersion = "Xcode 9.3";
			developmentRegion = en;
			hasScannedForEncodings = 0;
			knownRegions = (
				en,
				Base,
			);
			mainGroup = 948B5E692584B103009B6F32;
			productRefGroup = 948B5E732584B103009B6F32 /* Products */;
			projectDirPath = "";
			projectRoot = "";
			targets = (
				948B5E712584B103009B6F32 /* VideoApp */,
			);
		};
/* End PBXProject section */

/* Begin PBXResourcesBuildPhase section */
		948B5E702584B103009B6F32 /* Resources */ = {
			isa = PBXResourcesBuildPhase;
			buildActionMask = 2147483647;
			files = (
				94C171B225889B5C008E74F9 /* assignment.json in Resources */,
				948B5E852584B106009B6F32 /* LaunchScreen.storyboard in Resources */,
				948B5E822584B106009B6F32 /* Assets.xcassets in Resources */,
				94E4A5A0258685B300770956 /* Main.storyboard in Resources */,
			);
			runOnlyForDeploymentPostprocessing = 0;
		};
/* End PBXResourcesBuildPhase section */

/* Begin PBXSourcesBuildPhase section */
		948B5E6E2584B103009B6F32 /* Sources */ = {
			isa = PBXSourcesBuildPhase;
			buildActionMask = 2147483647;
			files = (
				94040DEC2585334000833182 /* VideoCVCell.swift in Sources */,
				94040DE62584C2B700833182 /* VideosJson.swift in Sources */,
				948B5E7A2584B103009B6F32 /* ViewController.swift in Sources */,
				948B5E802584B103009B6F32 /* VideoApp.xcdatamodeld in Sources */,
				94040DEA25852EE000833182 /* CategoriesVideoCell.swift in Sources */,
				94040DF025853DEA00833182 /* VideosDataAccessModel.swift in Sources */,
				94E4A5A225868E2200770956 /* VideoView.swift in Sources */,
				94352B8D2586CDC4007E2626 /* Extensions.swift in Sources */,
				94E4A59D25866D5500770956 /* PlayerScreenVC.swift in Sources */,
				948B5E762584B103009B6F32 /* AppDelegate.swift in Sources */,
				94E4A5A72586B3DD00770956 /* CardView.swift in Sources */,
				948B5E782584B103009B6F32 /* SceneDelegate.swift in Sources */,
			);
			runOnlyForDeploymentPostprocessing = 0;
		};
/* End PBXSourcesBuildPhase section */

/* Begin PBXVariantGroup section */
		948B5E832584B106009B6F32 /* LaunchScreen.storyboard */ = {
			isa = PBXVariantGroup;
			children = (
				948B5E842584B106009B6F32 /* Base */,
			);
			name = LaunchScreen.storyboard;
			sourceTree = "<group>";
		};
		94E4A59E258685B300770956 /* Main.storyboard */ = {
			isa = PBXVariantGroup;
			children = (
				94E4A59F258685B300770956 /* Base */,
			);
			name = Main.storyboard;
			sourceTree = "<group>";
		};
/* End PBXVariantGroup section */

/* Begin XCBuildConfiguration section */
		948B5E872584B106009B6F32 /* Debug */ = {
			isa = XCBuildConfiguration;
			buildSettings = {
				ALWAYS_SEARCH_USER_PATHS = NO;
				CLANG_ANALYZER_NONNULL = YES;
				CLANG_ANALYZER_NUMBER_OBJECT_CONVERSION = YES_AGGRESSIVE;
				CLANG_CXX_LANGUAGE_STANDARD = "gnu++14";
				CLANG_CXX_LIBRARY = "libc++";
				CLANG_ENABLE_MODULES = YES;
				CLANG_ENABLE_OBJC_ARC = YES;
				CLANG_ENABLE_OBJC_WEAK = YES;
				CLANG_WARN_BLOCK_CAPTURE_AUTORELEASING = YES;
				CLANG_WARN_BOOL_CONVERSION = YES;
				CLANG_WARN_COMMA = YES;
				CLANG_WARN_CONSTANT_CONVERSION = YES;
				CLANG_WARN_DEPRECATED_OBJC_IMPLEMENTATIONS = YES;
				CLANG_WARN_DIRECT_OBJC_ISA_USAGE = YES_ERROR;
				CLANG_WARN_DOCUMENTATION_COMMENTS = YES;
				CLANG_WARN_EMPTY_BODY = YES;
				CLANG_WARN_ENUM_CONVERSION = YES;
				CLANG_WARN_INFINITE_RECURSION = YES;
				CLANG_WARN_INT_CONVERSION = YES;
				CLANG_WARN_NON_LITERAL_NULL_CONVERSION = YES;
				CLANG_WARN_OBJC_IMPLICIT_RETAIN_SELF = YES;
				CLANG_WARN_OBJC_LITERAL_CONVERSION = YES;
				CLANG_WARN_OBJC_ROOT_CLASS = YES_ERROR;
				CLANG_WARN_QUOTED_INCLUDE_IN_FRAMEWORK_HEADER = YES;
				CLANG_WARN_RANGE_LOOP_ANALYSIS = YES;
				CLANG_WARN_STRICT_PROTOTYPES = YES;
				CLANG_WARN_SUSPICIOUS_MOVE = YES;
				CLANG_WARN_UNGUARDED_AVAILABILITY = YES_AGGRESSIVE;
				CLANG_WARN_UNREACHABLE_CODE = YES;
				CLANG_WARN__DUPLICATE_METHOD_MATCH = YES;
				COPY_PHASE_STRIP = NO;
				DEBUG_INFORMATION_FORMAT = dwarf;
				ENABLE_STRICT_OBJC_MSGSEND = YES;
				ENABLE_TESTABILITY = YES;
				GCC_C_LANGUAGE_STANDARD = gnu11;
				GCC_DYNAMIC_NO_PIC = NO;
				GCC_NO_COMMON_BLOCKS = YES;
				GCC_OPTIMIZATION_LEVEL = 0;
				GCC_PREPROCESSOR_DEFINITIONS = (
					"DEBUG=1",
					"$(inherited)",
				);
				GCC_WARN_64_TO_32_BIT_CONVERSION = YES;
				GCC_WARN_ABOUT_RETURN_TYPE = YES_ERROR;
				GCC_WARN_UNDECLARED_SELECTOR = YES;
				GCC_WARN_UNINITIALIZED_AUTOS = YES_AGGRESSIVE;
				GCC_WARN_UNUSED_FUNCTION = YES;
				GCC_WARN_UNUSED_VARIABLE = YES;
				IPHONEOS_DEPLOYMENT_TARGET = 14.0;
				MTL_ENABLE_DEBUG_INFO = INCLUDE_SOURCE;
				MTL_FAST_MATH = YES;
				ONLY_ACTIVE_ARCH = YES;
				SDKROOT = iphoneos;
				SWIFT_ACTIVE_COMPILATION_CONDITIONS = DEBUG;
				SWIFT_OPTIMIZATION_LEVEL = "-Onone";
			};
			name = Debug;
		};
		948B5E882584B106009B6F32 /* Release */ = {
			isa = XCBuildConfiguration;
			buildSettings = {
				ALWAYS_SEARCH_USER_PATHS = NO;
				CLANG_ANALYZER_NONNULL = YES;
				CLANG_ANALYZER_NUMBER_OBJECT_CONVERSION = YES_AGGRESSIVE;
				CLANG_CXX_LANGUAGE_STANDARD = "gnu++14";
				CLANG_CXX_LIBRARY = "libc++";
				CLANG_ENABLE_MODULES = YES;
				CLANG_ENABLE_OBJC_ARC = YES;
				CLANG_ENABLE_OBJC_WEAK = YES;
				CLANG_WARN_BLOCK_CAPTURE_AUTORELEASING = YES;
				CLANG_WARN_BOOL_CONVERSION = YES;
				CLANG_WARN_COMMA = YES;
				CLANG_WARN_CONSTANT_CONVERSION = YES;
				CLANG_WARN_DEPRECATED_OBJC_IMPLEMENTATIONS = YES;
				CLANG_WARN_DIRECT_OBJC_ISA_USAGE = YES_ERROR;
				CLANG_WARN_DOCUMENTATION_COMMENTS = YES;
				CLANG_WARN_EMPTY_BODY = YES;
				CLANG_WARN_ENUM_CONVERSION = YES;
				CLANG_WARN_INFINITE_RECURSION = YES;
				CLANG_WARN_INT_CONVERSION = YES;
				CLANG_WARN_NON_LITERAL_NULL_CONVERSION = YES;
				CLANG_WARN_OBJC_IMPLICIT_RETAIN_SELF = YES;
				CLANG_WARN_OBJC_LITERAL_CONVERSION = YES;
				CLANG_WARN_OBJC_ROOT_CLASS = YES_ERROR;
				CLANG_WARN_QUOTED_INCLUDE_IN_FRAMEWORK_HEADER = YES;
				CLANG_WARN_RANGE_LOOP_ANALYSIS = YES;
				CLANG_WARN_STRICT_PROTOTYPES = YES;
				CLANG_WARN_SUSPICIOUS_MOVE = YES;
				CLANG_WARN_UNGUARDED_AVAILABILITY = YES_AGGRESSIVE;
				CLANG_WARN_UNREACHABLE_CODE = YES;
				CLANG_WARN__DUPLICATE_METHOD_MATCH = YES;
				COPY_PHASE_STRIP = NO;
				DEBUG_INFORMATION_FORMAT = "dwarf-with-dsym";
				ENABLE_NS_ASSERTIONS = NO;
				ENABLE_STRICT_OBJC_MSGSEND = YES;
				GCC_C_LANGUAGE_STANDARD = gnu11;
				GCC_NO_COMMON_BLOCKS = YES;
				GCC_WARN_64_TO_32_BIT_CONVERSION = YES;
				GCC_WARN_ABOUT_RETURN_TYPE = YES_ERROR;
				GCC_WARN_UNDECLARED_SELECTOR = YES;
				GCC_WARN_UNINITIALIZED_AUTOS = YES_AGGRESSIVE;
				GCC_WARN_UNUSED_FUNCTION = YES;
				GCC_WARN_UNUSED_VARIABLE = YES;
				IPHONEOS_DEPLOYMENT_TARGET = 14.0;
				MTL_ENABLE_DEBUG_INFO = NO;
				MTL_FAST_MATH = YES;
				SDKROOT = iphoneos;
				SWIFT_COMPILATION_MODE = wholemodule;
				SWIFT_OPTIMIZATION_LEVEL = "-O";
				VALIDATE_PRODUCT = YES;
			};
			name = Release;
		};
		948B5E8A2584B106009B6F32 /* Debug */ = {
			isa = XCBuildConfiguration;
			buildSettings = {
				ASSETCATALOG_COMPILER_APPICON_NAME = AppIcon;
				ASSETCATALOG_COMPILER_GLOBAL_ACCENT_COLOR_NAME = AccentColor;
				CODE_SIGN_STYLE = Automatic;
				INFOPLIST_FILE = VideoApp/Info.plist;
				IPHONEOS_DEPLOYMENT_TARGET = 11.0;
				LD_RUNPATH_SEARCH_PATHS = (
					"$(inherited)",
					"@executable_path/Frameworks",
				);
				PRODUCT_BUNDLE_IDENTIFIER = com.silverlabs.VideoApp;
				PRODUCT_NAME = "$(TARGET_NAME)";
				SWIFT_VERSION = 5.0;
				TARGETED_DEVICE_FAMILY = "1,2";
			};
			name = Debug;
		};
		948B5E8B2584B106009B6F32 /* Release */ = {
			isa = XCBuildConfiguration;
			buildSettings = {
				ASSETCATALOG_COMPILER_APPICON_NAME = AppIcon;
				ASSETCATALOG_COMPILER_GLOBAL_ACCENT_COLOR_NAME = AccentColor;
				CODE_SIGN_STYLE = Automatic;
				INFOPLIST_FILE = VideoApp/Info.plist;
				IPHONEOS_DEPLOYMENT_TARGET = 11.0;
				LD_RUNPATH_SEARCH_PATHS = (
					"$(inherited)",
					"@executable_path/Frameworks",
				);
				PRODUCT_BUNDLE_IDENTIFIER = com.silverlabs.VideoApp;
				PRODUCT_NAME = "$(TARGET_NAME)";
				SWIFT_VERSION = 5.0;
				TARGETED_DEVICE_FAMILY = "1,2";
			};
			name = Release;
		};
/* End XCBuildConfiguration section */

/* Begin XCConfigurationList section */
		948B5E6D2584B103009B6F32 /* Build configuration list for PBXProject "VideoApp" */ = {
			isa = XCConfigurationList;
			buildConfigurations = (
				948B5E872584B106009B6F32 /* Debug */,
				948B5E882584B106009B6F32 /* Release */,
			);
			defaultConfigurationIsVisible = 0;
			defaultConfigurationName = Release;
		};
		948B5E892584B106009B6F32 /* Build configuration list for PBXNativeTarget "VideoApp" */ = {
			isa = XCConfigurationList;
			buildConfigurations = (
				948B5E8A2584B106009B6F32 /* Debug */,
				948B5E8B2584B106009B6F32 /* Release */,
			);
			defaultConfigurationIsVisible = 0;
			defaultConfigurationName = Release;
		};
/* End XCConfigurationList section */

/* Begin XCVersionGroup section */
		948B5E7E2584B103009B6F32 /* VideoApp.xcdatamodeld */ = {
			isa = XCVersionGroup;
			children = (
				948B5E7F2584B103009B6F32 /* VideoApp.xcdatamodel */,
			);
			currentVersion = 948B5E7F2584B103009B6F32 /* VideoApp.xcdatamodel */;
			path = VideoApp.xcdatamodeld;
			sourceTree = "<group>";
			versionGroupType = wrapper.xcdatamodel;
		};
/* End XCVersionGroup section */
	};
	rootObject = 948B5E6A2584B103009B6F32 /* Project object */;
}
